
Microsoft Visual Studio Solution File, Format Version 12.00
# Visual Studio Version 17
VisualStudioVersion = 17.2.32630.192
MinimumVisualStudioVersion = 10.0.40219.1
Project("{FAE04EC0-301F-11D3-BF4B-00C04F79EFBC}") = "dung.Ecommerce.API", "dung.Ecommerce.API\dung.Ecommerce.API.csproj", "{F7962A12-8C90-484F-863C-1C778958E3DF}"
EndProject
Global
	GlobalSection(SolutionConfigurationPlatforms) = preSolution
		Debug|Any CPU = Debug|Any CPU
		Release|Any CPU = Release|Any CPU
	EndGlobalSection
	GlobalSection(ProjectConfigurationPlatforms) = postSolution
		{F7962A12-8C90-484F-863C-1C778958E3DF}.Debug|Any CPU.ActiveCfg = Debug|Any CPU
		{F7962A12-8C90-484F-863C-1C778958E3DF}.Debug|Any CPU.Build.0 = Debug|Any CPU
		{F7962A12-8C90-484F-863C-1C778958E3DF}.Release|Any CPU.ActiveCfg = Release|Any CPU
		{F7962A12-8C90-484F-863C-1C778958E3DF}.Release|Any CPU.Build.0 = Release|Any CPU
	EndGlobalSection
	GlobalSection(SolutionProperties) = preSolution
		HideSolutionNode = FALSE
	EndGlobalSection
	GlobalSection(ExtensibilityGlobals) = postSolution
		SolutionGuid = {F9DBA0A6-BFBE-44D3-842B-F59CF6B4E979}
	EndGlobalSection
EndGlobal
